{
  "originHash" : "ec069325d099bc8d9068e7adb5ecb852c00eaedbee151923940f75f0ad5898da",
  "pins" : [
    {
      "identity" : "swift-dotenv",
      "kind" : "remoteSourceControl",
      "location" : "https://github.com/thebarndog/swift-dotenv.git",
      "state" : {
        "revision" : "d13062940a3cdb2b13efa22ecc83b07b21c2e8dc",
        "version" : "2.1.0"
      }
    },
    {
      "identity" : "swiftdotenv",
      "kind" : "remoteSourceControl",
      "location" : "https://github.com/SwiftOnTheServer/SwiftDotEnv",
      "state" : {
        "revision" : "2a7527210766fc726fb3d26fa9b8f295841e73df",
        "version" : "2.0.1"
      }
    }
  ],
  "version" : 3
}
